
Microsoft Visual Studio Solution File, Format Version 12.00
# Visual Studio Version 17
VisualStudioVersion = 17.10.35122.118
MinimumVisualStudioVersion = 10.0.40219.1
Project("{9A19103F-16F7-4668-BE54-9A1E7A4F7556}") = "InTechHub", "InTechHub\InTechHub.csproj", "{F77B5F18-B50D-412E-8543-E4AEB0383C7B}"
EndProject
Project("{9A19103F-16F7-4668-BE54-9A1E7A4F7556}") = "BlazorApp", "BlazorApp\BlazorApp.csproj", "{1DE6B1A9-BA70-4951-B815-F78246CA6681}"
EndProject
Project("{2150E333-8FDC-42A3-9474-1A3956D46DE8}") = "Solution Items", "Solution Items", "{127B5418-B5A7-48D0-B975-5E4870FD5468}"
	ProjectSection(SolutionItems) = preProject
		.gitignore = .gitignore
	EndProjectSection
EndProject
Global
	GlobalSection(SolutionConfigurationPlatforms) = preSolution
		Debug|Any CPU = Debug|Any CPU
		Release|Any CPU = Release|Any CPU
	EndGlobalSection
	GlobalSection(ProjectConfigurationPlatforms) = postSolution
		{F77B5F18-B50D-412E-8543-E4AEB0383C7B}.Debug|Any CPU.ActiveCfg = Debug|Any CPU
		{F77B5F18-B50D-412E-8543-E4AEB0383C7B}.Debug|Any CPU.Build.0 = Debug|Any CPU
		{F77B5F18-B50D-412E-8543-E4AEB0383C7B}.Release|Any CPU.ActiveCfg = Release|Any CPU
		{F77B5F18-B50D-412E-8543-E4AEB0383C7B}.Release|Any CPU.Build.0 = Release|Any CPU
		{1DE6B1A9-BA70-4951-B815-F78246CA6681}.Debug|Any CPU.ActiveCfg = Debug|Any CPU
		{1DE6B1A9-BA70-4951-B815-F78246CA6681}.Debug|Any CPU.Build.0 = Debug|Any CPU
		{1DE6B1A9-BA70-4951-B815-F78246CA6681}.Release|Any CPU.ActiveCfg = Release|Any CPU
		{1DE6B1A9-BA70-4951-B815-F78246CA6681}.Release|Any CPU.Build.0 = Release|Any CPU
	EndGlobalSection
	GlobalSection(SolutionProperties) = preSolution
		HideSolutionNode = FALSE
	EndGlobalSection
	GlobalSection(ExtensibilityGlobals) = postSolution
		SolutionGuid = {DC27A08B-F3C5-47C4-A99F-B45985E51B24}
	EndGlobalSection
EndGlobal
